
Microsoft Visual Studio Solution File, Format Version 12.00
# Visual Studio 2012
Project("{FAE04EC0-301F-11D3-BF4B-00C04F79EFBC}") = "NoPasswordWebsite", "NoPasswordWebsite\NoPasswordWebsite.csproj", "{894ECEA6-8804-46BB-BB1A-A6A8B109D64E}"
EndProject
Project("{FAE04EC0-301F-11D3-BF4B-00C04F79EFBC}") = "NoPasswordMembershipService", "NoPasswordMembershipService\NoPasswordMembershipService.csproj", "{5B137FA4-A961-4A29-9F74-E4923EB1ED73}"
EndProject
Global
	GlobalSection(SolutionConfigurationPlatforms) = preSolution
		Debug|Any CPU = Debug|Any CPU
		Release|Any CPU = Release|Any CPU
	EndGlobalSection
	GlobalSection(ProjectConfigurationPlatforms) = postSolution
		{894ECEA6-8804-46BB-BB1A-A6A8B109D64E}.Debug|Any CPU.ActiveCfg = Debug|Any CPU
		{894ECEA6-8804-46BB-BB1A-A6A8B109D64E}.Debug|Any CPU.Build.0 = Debug|Any CPU
		{894ECEA6-8804-46BB-BB1A-A6A8B109D64E}.Release|Any CPU.ActiveCfg = Release|Any CPU
		{894ECEA6-8804-46BB-BB1A-A6A8B109D64E}.Release|Any CPU.Build.0 = Release|Any CPU
		{5B137FA4-A961-4A29-9F74-E4923EB1ED73}.Debug|Any CPU.ActiveCfg = Debug|Any CPU
		{5B137FA4-A961-4A29-9F74-E4923EB1ED73}.Debug|Any CPU.Build.0 = Debug|Any CPU
		{5B137FA4-A961-4A29-9F74-E4923EB1ED73}.Release|Any CPU.ActiveCfg = Release|Any CPU
		{5B137FA4-A961-4A29-9F74-E4923EB1ED73}.Release|Any CPU.Build.0 = Release|Any CPU
	EndGlobalSection
	GlobalSection(SolutionProperties) = preSolution
		HideSolutionNode = FALSE
	EndGlobalSection
EndGlobal
